PODS:
  - SnapKit (4.0.0)
  - SwiftLint (0.26.0)

DEPENDENCIES:
  - SnapKit
  - SwiftLint

SPEC REPOS:
  https://github.com/cocoapods/specs.git:
    - SnapKit
    - SwiftLint

SPEC CHECKSUMS:
  SnapKit: a42d492c16e80209130a3379f73596c3454b7694
  SwiftLint: f6b83e8d95ee1e91e11932d843af4fdcbf3fc764

PODFILE CHECKSUM: ec885778ba37465923d96483d7cf74422f2f632f

COCOAPODS: 1.5.3
