// !$*UTF8*$!
{
	archiveVersion = 1;
	classes = {
	};
	objectVersion = 50;
	objects = {

/* Begin PBXBuildFile section */
		6BFFA44820E120B500549105 /* AppDelegate.swift in Sources */ = {isa = PBXBuildFile; fileRef = 6BFFA44720E120B500549105 /* AppDelegate.swift */; };
		6BFFA44A20E120B500549105 /* ViewController.swift in Sources */ = {isa = PBXBuildFile; fileRef = 6BFFA44920E120B500549105 /* ViewController.swift */; };
		6BFFA44D20E120B500549105 /* Main.storyboard in Resources */ = {isa = PBXBuildFile; fileRef = 6BFFA44B20E120B500549105 /* Main.storyboard */; };
		6BFFA44F20E120B800549105 /* Assets.xcassets in Resources */ = {isa = PBXBuildFile; fileRef = 6BFFA44E20E120B800549105 /* Assets.xcassets */; };
		6BFFA45220E120B800549105 /* LaunchScreen.storyboard in Resources */ = {isa = PBXBuildFile; fileRef = 6BFFA45020E120B800549105 /* LaunchScreen.storyboard */; };
		6BFFA45B20E1213F00549105 /* CarouselViewController.swift in Sources */ = {isa = PBXBuildFile; fileRef = 6BFFA45A20E1213F00549105 /* CarouselViewController.swift */; };
		6BFFA45F20E1265400549105 /* UIView+.swift in Sources */ = {isa = PBXBuildFile; fileRef = 6BFFA45E20E1265400549105 /* UIView+.swift */; };
		6BFFA46120E1308000549105 /* UIViewController+.swift in Sources */ = {isa = PBXBuildFile; fileRef = 6BFFA46020E1308000549105 /* UIViewController+.swift */; };
		FA0499589048D64143D52EB6 /* Pods_carousel.framework in Frameworks */ = {isa = PBXBuildFile; fileRef = FA8737C22E3F8EE8D61C9120 /* Pods_carousel.framework */; };
/* End PBXBuildFile section */

/* Begin PBXFileReference section */
		0E61E171B66DE92A38950F7D /* Pods-carousel.debug.xcconfig */ = {isa = PBXFileReference; includeInIndex = 1; lastKnownFileType = text.xcconfig; name = "Pods-carousel.debug.xcconfig"; path = "Pods/Target Support Files/Pods-carousel/Pods-carousel.debug.xcconfig"; sourceTree = "<group>"; };
		6BFFA44420E120B500549105 /* carousel.app */ = {isa = PBXFileReference; explicitFileType = wrapper.application; includeInIndex = 0; path = carousel.app; sourceTree = BUILT_PRODUCTS_DIR; };
		6BFFA44720E120B500549105 /* AppDelegate.swift */ = {isa = PBXFileReference; lastKnownFileType = sourcecode.swift; path = AppDelegate.swift; sourceTree = "<group>"; };
		6BFFA44920E120B500549105 /* ViewController.swift */ = {isa = PBXFileReference; lastKnownFileType = sourcecode.swift; path = ViewController.swift; sourceTree = "<group>"; };
		6BFFA44C20E120B500549105 /* Base */ = {isa = PBXFileReference; lastKnownFileType = file.storyboard; name = Base; path = Base.lproj/Main.storyboard; sourceTree = "<group>"; };
		6BFFA44E20E120B800549105 /* Assets.xcassets */ = {isa = PBXFileReference; lastKnownFileType = folder.assetcatalog; path = Assets.xcassets; sourceTree = "<group>"; };
		6BFFA45120E120B800549105 /* Base */ = {isa = PBXFileReference; lastKnownFileType = file.storyboard; name = Base; path = Base.lproj/LaunchScreen.storyboard; sourceTree = "<group>"; };
		6BFFA45320E120B800549105 /* Info.plist */ = {isa = PBXFileReference; lastKnownFileType = text.plist.xml; path = Info.plist; sourceTree = "<group>"; };
		6BFFA45A20E1213F00549105 /* CarouselViewController.swift */ = {isa = PBXFileReference; lastKnownFileType = sourcecode.swift; path = CarouselViewController.swift; sourceTree = "<group>"; };
		6BFFA45E20E1265400549105 /* UIView+.swift */ = {isa = PBXFileReference; lastKnownFileType = sourcecode.swift; path = "UIView+.swift"; sourceTree = "<group>"; };
		6BFFA46020E1308000549105 /* UIViewController+.swift */ = {isa = PBXFileReference; lastKnownFileType = sourcecode.swift; path = "UIViewController+.swift"; sourceTree = "<group>"; };
		81108035936FA3B61E38477C /* Pods-carousel.release.xcconfig */ = {isa = PBXFileReference; includeInIndex = 1; lastKnownFileType = text.xcconfig; name = "Pods-carousel.release.xcconfig"; path = "Pods/Target Support Files/Pods-carousel/Pods-carousel.release.xcconfig"; sourceTree = "<group>"; };
		FA8737C22E3F8EE8D61C9120 /* Pods_carousel.framework */ = {isa = PBXFileReference; explicitFileType = wrapper.framework; includeInIndex = 0; path = Pods_carousel.framework; sourceTree = BUILT_PRODUCTS_DIR; };
/* End PBXFileReference section */

/* Begin PBXFrameworksBuildPhase section */
		6BFFA44120E120B500549105 /* Frameworks */ = {
			isa = PBXFrameworksBuildPhase;
			buildActionMask = 2147483647;
			files = (
				FA0499589048D64143D52EB6 /* Pods_carousel.framework in Frameworks */,
			);
			runOnlyForDeploymentPostprocessing = 0;
		};
/* End PBXFrameworksBuildPhase section */

/* Begin PBXGroup section */
		29E197BD6F5B50A37895A4F8 /* Pods */ = {
			isa = PBXGroup;
			children = (
				0E61E171B66DE92A38950F7D /* Pods-carousel.debug.xcconfig */,
				81108035936FA3B61E38477C /* Pods-carousel.release.xcconfig */,
			);
			name = Pods;
			sourceTree = "<group>";
		};
		4D0E8175BEF0D7F9E515CD17 /* Frameworks */ = {
			isa = PBXGroup;
			children = (
				FA8737C22E3F8EE8D61C9120 /* Pods_carousel.framework */,
			);
			name = Frameworks;
			sourceTree = "<group>";
		};
		6BFFA43B20E120B500549105 = {
			isa = PBXGroup;
			children = (
				6BFFA44620E120B500549105 /* carousel */,
				6BFFA44520E120B500549105 /* Products */,
				29E197BD6F5B50A37895A4F8 /* Pods */,
				4D0E8175BEF0D7F9E515CD17 /* Frameworks */,
			);
			sourceTree = "<group>";
		};
		6BFFA44520E120B500549105 /* Products */ = {
			isa = PBXGroup;
			children = (
				6BFFA44420E120B500549105 /* carousel.app */,
			);
			name = Products;
			sourceTree = "<group>";
		};
		6BFFA44620E120B500549105 /* carousel */ = {
			isa = PBXGroup;
			children = (
				6BFFA45D20E1262F00549105 /* Additions */,
				6BFFA45920E1212E00549105 /* Carousel */,
				6BFFA44720E120B500549105 /* AppDelegate.swift */,
				6BFFA44920E120B500549105 /* ViewController.swift */,
				6BFFA44B20E120B500549105 /* Main.storyboard */,
				6BFFA44E20E120B800549105 /* Assets.xcassets */,
				6BFFA45020E120B800549105 /* LaunchScreen.storyboard */,
				6BFFA45320E120B800549105 /* Info.plist */,
			);
			path = carousel;
			sourceTree = "<group>";
		};
		6BFFA45920E1212E00549105 /* Carousel */ = {
			isa = PBXGroup;
			children = (
				6BFFA45A20E1213F00549105 /* CarouselViewController.swift */,
			);
			path = Carousel;
			sourceTree = "<group>";
		};
		6BFFA45D20E1262F00549105 /* Additions */ = {
			isa = PBXGroup;
			children = (
				6BFFA45E20E1265400549105 /* UIView+.swift */,
				6BFFA46020E1308000549105 /* UIViewController+.swift */,
			);
			path = Additions;
			sourceTree = "<group>";
		};
/* End PBXGroup section */

/* Begin PBXNativeTarget section */
		6BFFA44320E120B500549105 /* carousel */ = {
			isa = PBXNativeTarget;
			buildConfigurationList = 6BFFA45620E120B800549105 /* Build configuration list for PBXNativeTarget "carousel" */;
			buildPhases = (
				1480E952CA07B56DD1A2DEA4 /* [CP] Check Pods Manifest.lock */,
				6BFFA44020E120B500549105 /* Sources */,
				6BFFA44120E120B500549105 /* Frameworks */,
				6BFFA44220E120B500549105 /* Resources */,
				8A46CF905D62FD45773DABA7 /* [CP] Embed Pods Frameworks */,
				6BFFA45C20E125C200549105 /* Swiftlint */,
			);
			buildRules = (
			);
			dependencies = (
			);
			name = carousel;
			productName = carousel;
			productReference = 6BFFA44420E120B500549105 /* carousel.app */;
			productType = "com.apple.product-type.application";
		};
/* End PBXNativeTarget section */

/* Begin PBXProject section */
		6BFFA43C20E120B500549105 /* Project object */ = {
			isa = PBXProject;
			attributes = {
				LastSwiftUpdateCheck = 0940;
				LastUpgradeCheck = 0940;
				ORGANIZATIONNAME = h7.com;
				TargetAttributes = {
					6BFFA44320E120B500549105 = {
						CreatedOnToolsVersion = 9.4;
					};
				};
			};
			buildConfigurationList = 6BFFA43F20E120B500549105 /* Build configuration list for PBXProject "carousel" */;
			compatibilityVersion = "Xcode 9.3";
			developmentRegion = en;
			hasScannedForEncodings = 0;
			knownRegions = (
				en,
				Base,
			);
			mainGroup = 6BFFA43B20E120B500549105;
			productRefGroup = 6BFFA44520E120B500549105 /* Products */;
			projectDirPath = "";
			projectRoot = "";
			targets = (
				6BFFA44320E120B500549105 /* carousel */,
			);
		};
/* End PBXProject section */

/* Begin PBXResourcesBuildPhase section */
		6BFFA44220E120B500549105 /* Resources */ = {
			isa = PBXResourcesBuildPhase;
			buildActionMask = 2147483647;
			files = (
				6BFFA45220E120B800549105 /* LaunchScreen.storyboard in Resources */,
				6BFFA44F20E120B800549105 /* Assets.xcassets in Resources */,
				6BFFA44D20E120B500549105 /* Main.storyboard in Resources */,
			);
			runOnlyForDeploymentPostprocessing = 0;
		};
/* End PBXResourcesBuildPhase section */

/* Begin PBXShellScriptBuildPhase section */
		1480E952CA07B56DD1A2DEA4 /* [CP] Check Pods Manifest.lock */ = {
			isa = PBXShellScriptBuildPhase;
			buildActionMask = 2147483647;
			files = (
			);
			inputPaths = (
				"${PODS_PODFILE_DIR_PATH}/Podfile.lock",
				"${PODS_ROOT}/Manifest.lock",
			);
			name = "[CP] Check Pods Manifest.lock";
			outputPaths = (
				"$(DERIVED_FILE_DIR)/Pods-carousel-checkManifestLockResult.txt",
			);
			runOnlyForDeploymentPostprocessing = 0;
			shellPath = /bin/sh;
			shellScript = "diff \"${PODS_PODFILE_DIR_PATH}/Podfile.lock\" \"${PODS_ROOT}/Manifest.lock\" > /dev/null\nif [ $? != 0 ] ; then\n    # print error to STDERR\n    echo \"error: The sandbox is not in sync with the Podfile.lock. Run 'pod install' or update your CocoaPods installation.\" >&2\n    exit 1\nfi\n# This output is used by Xcode 'outputs' to avoid re-running this script phase.\necho \"SUCCESS\" > \"${SCRIPT_OUTPUT_FILE_0}\"\n";
			showEnvVarsInLog = 0;
		};
		6BFFA45C20E125C200549105 /* Swiftlint */ = {
			isa = PBXShellScriptBuildPhase;
			buildActionMask = 2147483647;
			files = (
			);
			inputPaths = (
			);
			name = Swiftlint;
			outputPaths = (
			);
			runOnlyForDeploymentPostprocessing = 0;
			shellPath = /bin/sh;
			shellScript = "${PODS_ROOT}/SwiftLint/swiftlint";
		};
		8A46CF905D62FD45773DABA7 /* [CP] Embed Pods Frameworks */ = {
			isa = PBXShellScriptBuildPhase;
			buildActionMask = 2147483647;
			files = (
			);
			inputPaths = (
				"${SRCROOT}/Pods/Target Support Files/Pods-carousel/Pods-carousel-frameworks.sh",
				"${BUILT_PRODUCTS_DIR}/SnapKit/SnapKit.framework",
			);
			name = "[CP] Embed Pods Frameworks";
			outputPaths = (
				"${TARGET_BUILD_DIR}/${FRAMEWORKS_FOLDER_PATH}/SnapKit.framework",
			);
			runOnlyForDeploymentPostprocessing = 0;
			shellPath = /bin/sh;
			shellScript = "\"${SRCROOT}/Pods/Target Support Files/Pods-carousel/Pods-carousel-frameworks.sh\"\n";
			showEnvVarsInLog = 0;
		};
/* End PBXShellScriptBuildPhase section */

/* Begin PBXSourcesBuildPhase section */
		6BFFA44020E120B500549105 /* Sources */ = {
			isa = PBXSourcesBuildPhase;
			buildActionMask = 2147483647;
			files = (
				6BFFA45F20E1265400549105 /* UIView+.swift in Sources */,
				6BFFA44A20E120B500549105 /* ViewController.swift in Sources */,
				6BFFA46120E1308000549105 /* UIViewController+.swift in Sources */,
				6BFFA45B20E1213F00549105 /* CarouselViewController.swift in Sources */,
				6BFFA44820E120B500549105 /* AppDelegate.swift in Sources */,
			);
			runOnlyForDeploymentPostprocessing = 0;
		};
/* End PBXSourcesBuildPhase section */

/* Begin PBXVariantGroup section */
		6BFFA44B20E120B500549105 /* Main.storyboard */ = {
			isa = PBXVariantGroup;
			children = (
				6BFFA44C20E120B500549105 /* Base */,
			);
			name = Main.storyboard;
			sourceTree = "<group>";
		};
		6BFFA45020E120B800549105 /* LaunchScreen.storyboard */ = {
			isa = PBXVariantGroup;
			children = (
				6BFFA45120E120B800549105 /* Base */,
			);
			name = LaunchScreen.storyboard;
			sourceTree = "<group>";
		};
/* End PBXVariantGroup section */

/* Begin XCBuildConfiguration section */
		6BFFA45420E120B800549105 /* Debug */ = {
			isa = XCBuildConfiguration;
			buildSettings = {
				ALWAYS_SEARCH_USER_PATHS = NO;
				CLANG_ANALYZER_NONNULL = YES;
				CLANG_ANALYZER_NUMBER_OBJECT_CONVERSION = YES_AGGRESSIVE;
				CLANG_CXX_LANGUAGE_STANDARD = "gnu++14";
				CLANG_CXX_LIBRARY = "libc++";
				CLANG_ENABLE_MODULES = YES;
				CLANG_ENABLE_OBJC_ARC = YES;
				CLANG_ENABLE_OBJC_WEAK = YES;
				CLANG_WARN_BLOCK_CAPTURE_AUTORELEASING = YES;
				CLANG_WARN_BOOL_CONVERSION = YES;
				CLANG_WARN_COMMA = YES;
				CLANG_WARN_CONSTANT_CONVERSION = YES;
				CLANG_WARN_DEPRECATED_OBJC_IMPLEMENTATIONS = YES;
				CLANG_WARN_DIRECT_OBJC_ISA_USAGE = YES_ERROR;
				CLANG_WARN_DOCUMENTATION_COMMENTS = YES;
				CLANG_WARN_EMPTY_BODY = YES;
				CLANG_WARN_ENUM_CONVERSION = YES;
				CLANG_WARN_INFINITE_RECURSION = YES;
				CLANG_WARN_INT_CONVERSION = YES;
				CLANG_WARN_NON_LITERAL_NULL_CONVERSION = YES;
				CLANG_WARN_OBJC_IMPLICIT_RETAIN_SELF = YES;
				CLANG_WARN_OBJC_LITERAL_CONVERSION = YES;
				CLANG_WARN_OBJC_ROOT_CLASS = YES_ERROR;
				CLANG_WARN_RANGE_LOOP_ANALYSIS = YES;
				CLANG_WARN_STRICT_PROTOTYPES = YES;
				CLANG_WARN_SUSPICIOUS_MOVE = YES;
				CLANG_WARN_UNGUARDED_AVAILABILITY = YES_AGGRESSIVE;
				CLANG_WARN_UNREACHABLE_CODE = YES;
				CLANG_WARN__DUPLICATE_METHOD_MATCH = YES;
				CODE_SIGN_IDENTITY = "iPhone Developer";
				COPY_PHASE_STRIP = NO;
				DEBUG_INFORMATION_FORMAT = dwarf;
				ENABLE_STRICT_OBJC_MSGSEND = YES;
				ENABLE_TESTABILITY = YES;
				GCC_C_LANGUAGE_STANDARD = gnu11;
				GCC_DYNAMIC_NO_PIC = NO;
				GCC_NO_COMMON_BLOCKS = YES;
				GCC_OPTIMIZATION_LEVEL = 0;
				GCC_PREPROCESSOR_DEFINITIONS = (
					"DEBUG=1",
					"$(inherited)",
				);
				GCC_WARN_64_TO_32_BIT_CONVERSION = YES;
				GCC_WARN_ABOUT_RETURN_TYPE = YES_ERROR;
				GCC_WARN_UNDECLARED_SELECTOR = YES;
				GCC_WARN_UNINITIALIZED_AUTOS = YES_AGGRESSIVE;
				GCC_WARN_UNUSED_FUNCTION = YES;
				GCC_WARN_UNUSED_VARIABLE = YES;
				IPHONEOS_DEPLOYMENT_TARGET = 11.4;
				MTL_ENABLE_DEBUG_INFO = YES;
				ONLY_ACTIVE_ARCH = YES;
				SDKROOT = iphoneos;
				SWIFT_ACTIVE_COMPILATION_CONDITIONS = DEBUG;
				SWIFT_OPTIMIZATION_LEVEL = "-Onone";
			};
			name = Debug;
		};
		6BFFA45520E120B800549105 /* Release */ = {
			isa = XCBuildConfiguration;
			buildSettings = {
				ALWAYS_SEARCH_USER_PATHS = NO;
				CLANG_ANALYZER_NONNULL = YES;
				CLANG_ANALYZER_NUMBER_OBJECT_CONVERSION = YES_AGGRESSIVE;
				CLANG_CXX_LANGUAGE_STANDARD = "gnu++14";
				CLANG_CXX_LIBRARY = "libc++";
				CLANG_ENABLE_MODULES = YES;
				CLANG_ENABLE_OBJC_ARC = YES;
				CLANG_ENABLE_OBJC_WEAK = YES;
				CLANG_WARN_BLOCK_CAPTURE_AUTORELEASING = YES;
				CLANG_WARN_BOOL_CONVERSION = YES;
				CLANG_WARN_COMMA = YES;
				CLANG_WARN_CONSTANT_CONVERSION = YES;
				CLANG_WARN_DEPRECATED_OBJC_IMPLEMENTATIONS = YES;
				CLANG_WARN_DIRECT_OBJC_ISA_USAGE = YES_ERROR;
				CLANG_WARN_DOCUMENTATION_COMMENTS = YES;
				CLANG_WARN_EMPTY_BODY = YES;
				CLANG_WARN_ENUM_CONVERSION = YES;
				CLANG_WARN_INFINITE_RECURSION = YES;
				CLANG_WARN_INT_CONVERSION = YES;
				CLANG_WARN_NON_LITERAL_NULL_CONVERSION = YES;
				CLANG_WARN_OBJC_IMPLICIT_RETAIN_SELF = YES;
				CLANG_WARN_OBJC_LITERAL_CONVERSION = YES;
				CLANG_WARN_OBJC_ROOT_CLASS = YES_ERROR;
				CLANG_WARN_RANGE_LOOP_ANALYSIS = YES;
				CLANG_WARN_STRICT_PROTOTYPES = YES;
				CLANG_WARN_SUSPICIOUS_MOVE = YES;
				CLANG_WARN_UNGUARDED_AVAILABILITY = YES_AGGRESSIVE;
				CLANG_WARN_UNREACHABLE_CODE = YES;
				CLANG_WARN__DUPLICATE_METHOD_MATCH = YES;
				CODE_SIGN_IDENTITY = "iPhone Developer";
				COPY_PHASE_STRIP = NO;
				DEBUG_INFORMATION_FORMAT = "dwarf-with-dsym";
				ENABLE_NS_ASSERTIONS = NO;
				ENABLE_STRICT_OBJC_MSGSEND = YES;
				GCC_C_LANGUAGE_STANDARD = gnu11;
				GCC_NO_COMMON_BLOCKS = YES;
				GCC_WARN_64_TO_32_BIT_CONVERSION = YES;
				GCC_WARN_ABOUT_RETURN_TYPE = YES_ERROR;
				GCC_WARN_UNDECLARED_SELECTOR = YES;
				GCC_WARN_UNINITIALIZED_AUTOS = YES_AGGRESSIVE;
				GCC_WARN_UNUSED_FUNCTION = YES;
				GCC_WARN_UNUSED_VARIABLE = YES;
				IPHONEOS_DEPLOYMENT_TARGET = 11.4;
				MTL_ENABLE_DEBUG_INFO = NO;
				SDKROOT = iphoneos;
				SWIFT_COMPILATION_MODE = wholemodule;
				SWIFT_OPTIMIZATION_LEVEL = "-O";
				VALIDATE_PRODUCT = YES;
			};
			name = Release;
		};
		6BFFA45720E120B800549105 /* Debug */ = {
			isa = XCBuildConfiguration;
			baseConfigurationReference = 0E61E171B66DE92A38950F7D /* Pods-carousel.debug.xcconfig */;
			buildSettings = {
				ASSETCATALOG_COMPILER_APPICON_NAME = AppIcon;
				CODE_SIGN_STYLE = Automatic;
				DEVELOPMENT_TEAM = 7ZR2498G56;
				INFOPLIST_FILE = carousel/Info.plist;
				LD_RUNPATH_SEARCH_PATHS = (
					"$(inherited)",
					"@executable_path/Frameworks",
				);
				PRODUCT_BUNDLE_IDENTIFIER = com.h7.carousel;
				PRODUCT_NAME = "$(TARGET_NAME)";
				SWIFT_VERSION = 4.0;
				TARGETED_DEVICE_FAMILY = "1,2";
			};
			name = Debug;
		};
		6BFFA45820E120B800549105 /* Release */ = {
			isa = XCBuildConfiguration;
			baseConfigurationReference = 81108035936FA3B61E38477C /* Pods-carousel.release.xcconfig */;
			buildSettings = {
				ASSETCATALOG_COMPILER_APPICON_NAME = AppIcon;
				CODE_SIGN_STYLE = Automatic;
				DEVELOPMENT_TEAM = 7ZR2498G56;
				INFOPLIST_FILE = carousel/Info.plist;
				LD_RUNPATH_SEARCH_PATHS = (
					"$(inherited)",
					"@executable_path/Frameworks",
				);
				PRODUCT_BUNDLE_IDENTIFIER = com.h7.carousel;
				PRODUCT_NAME = "$(TARGET_NAME)";
				SWIFT_VERSION = 4.0;
				TARGETED_DEVICE_FAMILY = "1,2";
			};
			name = Release;
		};
/* End XCBuildConfiguration section */

/* Begin XCConfigurationList section */
		6BFFA43F20E120B500549105 /* Build configuration list for PBXProject "carousel" */ = {
			isa = XCConfigurationList;
			buildConfigurations = (
				6BFFA45420E120B800549105 /* Debug */,
				6BFFA45520E120B800549105 /* Release */,
			);
			defaultConfigurationIsVisible = 0;
			defaultConfigurationName = Release;
		};
		6BFFA45620E120B800549105 /* Build configuration list for PBXNativeTarget "carousel" */ = {
			isa = XCConfigurationList;
			buildConfigurations = (
				6BFFA45720E120B800549105 /* Debug */,
				6BFFA45820E120B800549105 /* Release */,
			);
			defaultConfigurationIsVisible = 0;
			defaultConfigurationName = Release;
		};
/* End XCConfigurationList section */
	};
	rootObject = 6BFFA43C20E120B500549105 /* Project object */;
}
